PODS:
  - Alamofire (4.0.1)
  - JWTDecode (2.0.0)
  - Keychain (1.0.0)
  - OhMyAuth (0.2.0):
    - Alamofire
    - JWTDecode
    - Keychain
    - Sugar
  - Sugar (2.0.0)

DEPENDENCIES:
  - Keychain (from `https://github.com/hyperoslo/Keychain`, branch `swift-3`)
  - OhMyAuth (from `../../`)

EXTERNAL SOURCES:
  Keychain:
    :branch: swift-3
    :git: https://github.com/hyperoslo/Keychain
  OhMyAuth:
    :path: "../../"

CHECKOUT OPTIONS:
  Keychain:
    :commit: aba620997062a2082a9d1a57fb5c81e4e0fe79df
    :git: https://github.com/hyperoslo/Keychain

SPEC CHECKSUMS:
  Alamofire: 7682d43245de14874acd142ec137b144aa1dd335
  JWTDecode: 178e47e5d28d3abcff778bacced8342858cd6cb5
  Keychain: b82fa1a6c20666b74014e7549f53bae6c75d617f
  OhMyAuth: e10e5ab7a2a3d77c8e056b0d2aa495b9cefec19c
  Sugar: f45b46cae3d198222a042b9ecf1ce3d44ab8e764

PODFILE CHECKSUM: 7f8782da16423e699fffc2709c9ad698a0408f64

COCOAPODS: 1.1.0.rc.3
